
Microsoft Visual Studio Solution File, Format Version 11.00
# Visual Studio 2010
Project("{8BC9CEB8-8B4A-11D0-8D11-00A0C91BC942}") = "VideoMixerApp", "sample\sample.vcxproj", "{952AE492-370F-4DBB-A4C9-C23E231EB96C}"
	ProjectSection(ProjectDependencies) = postProject
		{39469123-3EB7-45F3-A15B-3854DFD2C2EB} = {39469123-3EB7-45F3-A15B-3854DFD2C2EB}
		{35B95D64-36AA-45DF-AF32-8ABED588AECE} = {35B95D64-36AA-45DF-AF32-8ABED588AECE}
	EndProjectSection
EndProject
Project("{8BC9CEB8-8B4A-11D0-8D11-00A0C91BC942}") = "VideoMixingFilter", "mixerfilter\VideoMixingFilter.vcxproj", "{35B95D64-36AA-45DF-AF32-8ABED588AECE}"
EndProject
Project("{54435603-DBB4-11D2-8724-00A0C9A8B90C}") = "VideoMixerApp Installer", "VideoMixerInstaller\VideoMixerInstaller.vdproj", "{FB1E79F4-9FF9-46F7-A14C-B217C471ABB6}"
EndProject
Project("{8BC9CEB8-8B4A-11D0-8D11-00A0C91BC942}") = "VideoSourceFilter", "srcfilter\VideoSourceFilter.vcxproj", "{39469123-3EB7-45F3-A15B-3854DFD2C2EB}"
EndProject
Global
	GlobalSection(SolutionConfigurationPlatforms) = preSolution
		Debug_MBCS|Win32 = Debug_MBCS|Win32
		Debug_MBCS|x64 = Debug_MBCS|x64
		Debug|Win32 = Debug|Win32
		Debug|x64 = Debug|x64
		Debug2|Win32 = Debug2|Win32
		Debug2|x64 = Debug2|x64
		Release_MBCS|Win32 = Release_MBCS|Win32
		Release_MBCS|x64 = Release_MBCS|x64
		Release|Win32 = Release|Win32
		Release|x64 = Release|x64
		Release2|Win32 = Release2|Win32
		Release2|x64 = Release2|x64
	EndGlobalSection
	GlobalSection(ProjectConfigurationPlatforms) = postSolution
		{952AE492-370F-4DBB-A4C9-C23E231EB96C}.Debug_MBCS|Win32.ActiveCfg = Debug|Win32
		{952AE492-370F-4DBB-A4C9-C23E231EB96C}.Debug_MBCS|Win32.Build.0 = Debug|Win32
		{952AE492-370F-4DBB-A4C9-C23E231EB96C}.Debug_MBCS|x64.ActiveCfg = Debug|Win32
		{952AE492-370F-4DBB-A4C9-C23E231EB96C}.Debug|Win32.ActiveCfg = Debug|Win32
		{952AE492-370F-4DBB-A4C9-C23E231EB96C}.Debug|Win32.Build.0 = Debug|Win32
		{952AE492-370F-4DBB-A4C9-C23E231EB96C}.Debug|x64.ActiveCfg = Debug|Win32
		{952AE492-370F-4DBB-A4C9-C23E231EB96C}.Debug2|Win32.ActiveCfg = Debug|Win32
		{952AE492-370F-4DBB-A4C9-C23E231EB96C}.Debug2|Win32.Build.0 = Debug|Win32
		{952AE492-370F-4DBB-A4C9-C23E231EB96C}.Debug2|x64.ActiveCfg = Debug|Win32
		{952AE492-370F-4DBB-A4C9-C23E231EB96C}.Release_MBCS|Win32.ActiveCfg = Release|Win32
		{952AE492-370F-4DBB-A4C9-C23E231EB96C}.Release_MBCS|Win32.Build.0 = Release|Win32
		{952AE492-370F-4DBB-A4C9-C23E231EB96C}.Release_MBCS|x64.ActiveCfg = Release|Win32
		{952AE492-370F-4DBB-A4C9-C23E231EB96C}.Release|Win32.ActiveCfg = Release|Win32
		{952AE492-370F-4DBB-A4C9-C23E231EB96C}.Release|Win32.Build.0 = Release|Win32
		{952AE492-370F-4DBB-A4C9-C23E231EB96C}.Release|x64.ActiveCfg = Release|Win32
		{952AE492-370F-4DBB-A4C9-C23E231EB96C}.Release2|Win32.ActiveCfg = Release|Win32
		{952AE492-370F-4DBB-A4C9-C23E231EB96C}.Release2|Win32.Build.0 = Release|Win32
		{952AE492-370F-4DBB-A4C9-C23E231EB96C}.Release2|x64.ActiveCfg = Release|Win32
		{35B95D64-36AA-45DF-AF32-8ABED588AECE}.Debug_MBCS|Win32.ActiveCfg = Debug|Win32
		{35B95D64-36AA-45DF-AF32-8ABED588AECE}.Debug_MBCS|Win32.Build.0 = Debug|Win32
		{35B95D64-36AA-45DF-AF32-8ABED588AECE}.Debug_MBCS|x64.ActiveCfg = Debug|Win32
		{35B95D64-36AA-45DF-AF32-8ABED588AECE}.Debug|Win32.ActiveCfg = Debug|Win32
		{35B95D64-36AA-45DF-AF32-8ABED588AECE}.Debug|Win32.Build.0 = Debug|Win32
		{35B95D64-36AA-45DF-AF32-8ABED588AECE}.Debug|x64.ActiveCfg = Debug|Win32
		{35B95D64-36AA-45DF-AF32-8ABED588AECE}.Debug2|Win32.ActiveCfg = Debug|Win32
		{35B95D64-36AA-45DF-AF32-8ABED588AECE}.Debug2|Win32.Build.0 = Debug|Win32
		{35B95D64-36AA-45DF-AF32-8ABED588AECE}.Debug2|x64.ActiveCfg = Debug|Win32
		{35B95D64-36AA-45DF-AF32-8ABED588AECE}.Release_MBCS|Win32.ActiveCfg = Release|Win32
		{35B95D64-36AA-45DF-AF32-8ABED588AECE}.Release_MBCS|Win32.Build.0 = Release|Win32
		{35B95D64-36AA-45DF-AF32-8ABED588AECE}.Release_MBCS|x64.ActiveCfg = Release|Win32
		{35B95D64-36AA-45DF-AF32-8ABED588AECE}.Release|Win32.ActiveCfg = Release|Win32
		{35B95D64-36AA-45DF-AF32-8ABED588AECE}.Release|Win32.Build.0 = Release|Win32
		{35B95D64-36AA-45DF-AF32-8ABED588AECE}.Release|x64.ActiveCfg = Release|Win32
		{35B95D64-36AA-45DF-AF32-8ABED588AECE}.Release2|Win32.ActiveCfg = Release|Win32
		{35B95D64-36AA-45DF-AF32-8ABED588AECE}.Release2|Win32.Build.0 = Release|Win32
		{35B95D64-36AA-45DF-AF32-8ABED588AECE}.Release2|x64.ActiveCfg = Release|Win32
		{FB1E79F4-9FF9-46F7-A14C-B217C471ABB6}.Debug_MBCS|Win32.ActiveCfg = Debug
		{FB1E79F4-9FF9-46F7-A14C-B217C471ABB6}.Debug_MBCS|Win32.Build.0 = Debug
		{FB1E79F4-9FF9-46F7-A14C-B217C471ABB6}.Debug_MBCS|x64.ActiveCfg = Debug
		{FB1E79F4-9FF9-46F7-A14C-B217C471ABB6}.Debug_MBCS|x64.Build.0 = Debug
		{FB1E79F4-9FF9-46F7-A14C-B217C471ABB6}.Debug|Win32.ActiveCfg = Debug
		{FB1E79F4-9FF9-46F7-A14C-B217C471ABB6}.Debug|x64.ActiveCfg = Debug
		{FB1E79F4-9FF9-46F7-A14C-B217C471ABB6}.Debug|x64.Build.0 = Debug
		{FB1E79F4-9FF9-46F7-A14C-B217C471ABB6}.Debug2|Win32.ActiveCfg = Debug
		{FB1E79F4-9FF9-46F7-A14C-B217C471ABB6}.Debug2|Win32.Build.0 = Debug
		{FB1E79F4-9FF9-46F7-A14C-B217C471ABB6}.Debug2|x64.ActiveCfg = Debug
		{FB1E79F4-9FF9-46F7-A14C-B217C471ABB6}.Debug2|x64.Build.0 = Debug
		{FB1E79F4-9FF9-46F7-A14C-B217C471ABB6}.Release_MBCS|Win32.ActiveCfg = Release
		{FB1E79F4-9FF9-46F7-A14C-B217C471ABB6}.Release_MBCS|Win32.Build.0 = Release
		{FB1E79F4-9FF9-46F7-A14C-B217C471ABB6}.Release_MBCS|x64.ActiveCfg = Release
		{FB1E79F4-9FF9-46F7-A14C-B217C471ABB6}.Release_MBCS|x64.Build.0 = Release
		{FB1E79F4-9FF9-46F7-A14C-B217C471ABB6}.Release|Win32.ActiveCfg = Release
		{FB1E79F4-9FF9-46F7-A14C-B217C471ABB6}.Release|x64.ActiveCfg = Release
		{FB1E79F4-9FF9-46F7-A14C-B217C471ABB6}.Release|x64.Build.0 = Release
		{FB1E79F4-9FF9-46F7-A14C-B217C471ABB6}.Release2|Win32.ActiveCfg = Release
		{FB1E79F4-9FF9-46F7-A14C-B217C471ABB6}.Release2|Win32.Build.0 = Release
		{FB1E79F4-9FF9-46F7-A14C-B217C471ABB6}.Release2|x64.ActiveCfg = Release
		{FB1E79F4-9FF9-46F7-A14C-B217C471ABB6}.Release2|x64.Build.0 = Release
		{39469123-3EB7-45F3-A15B-3854DFD2C2EB}.Debug_MBCS|Win32.ActiveCfg = Debug|x64
		{39469123-3EB7-45F3-A15B-3854DFD2C2EB}.Debug_MBCS|x64.ActiveCfg = Debug|x64
		{39469123-3EB7-45F3-A15B-3854DFD2C2EB}.Debug_MBCS|x64.Build.0 = Debug|x64
		{39469123-3EB7-45F3-A15B-3854DFD2C2EB}.Debug|Win32.ActiveCfg = Debug|Win32
		{39469123-3EB7-45F3-A15B-3854DFD2C2EB}.Debug|Win32.Build.0 = Debug|Win32
		{39469123-3EB7-45F3-A15B-3854DFD2C2EB}.Debug|x64.ActiveCfg = Debug|x64
		{39469123-3EB7-45F3-A15B-3854DFD2C2EB}.Debug|x64.Build.0 = Debug|x64
		{39469123-3EB7-45F3-A15B-3854DFD2C2EB}.Debug2|Win32.ActiveCfg = Debug|x64
		{39469123-3EB7-45F3-A15B-3854DFD2C2EB}.Debug2|x64.ActiveCfg = Debug|x64
		{39469123-3EB7-45F3-A15B-3854DFD2C2EB}.Debug2|x64.Build.0 = Debug|x64
		{39469123-3EB7-45F3-A15B-3854DFD2C2EB}.Release_MBCS|Win32.ActiveCfg = Release|x64
		{39469123-3EB7-45F3-A15B-3854DFD2C2EB}.Release_MBCS|x64.ActiveCfg = Release|x64
		{39469123-3EB7-45F3-A15B-3854DFD2C2EB}.Release_MBCS|x64.Build.0 = Release|x64
		{39469123-3EB7-45F3-A15B-3854DFD2C2EB}.Release|Win32.ActiveCfg = Release|Win32
		{39469123-3EB7-45F3-A15B-3854DFD2C2EB}.Release|Win32.Build.0 = Release|Win32
		{39469123-3EB7-45F3-A15B-3854DFD2C2EB}.Release|x64.ActiveCfg = Release|x64
		{39469123-3EB7-45F3-A15B-3854DFD2C2EB}.Release|x64.Build.0 = Release|x64
		{39469123-3EB7-45F3-A15B-3854DFD2C2EB}.Release2|Win32.ActiveCfg = Release|x64
		{39469123-3EB7-45F3-A15B-3854DFD2C2EB}.Release2|x64.ActiveCfg = Release|x64
		{39469123-3EB7-45F3-A15B-3854DFD2C2EB}.Release2|x64.Build.0 = Release|x64
	EndGlobalSection
	GlobalSection(SolutionProperties) = preSolution
		HideSolutionNode = FALSE
	EndGlobalSection
EndGlobal
