<?xml version="1.0" encoding="utf-8"?>
<Project ToolsVersion="4.0" xmlns="http://schemas.microsoft.com/developer/msbuild/2003">
  <ItemGroup>
    <Filter Include="Source Files">
      <UniqueIdentifier>{4FC737F1-C7A5-4376-A066-2A32D752A2FF}</UniqueIdentifier>
      <Extensions>cpp;c;cc;cxx;def;odl;idl;hpj;bat;asm;asmx</Extensions>
    </Filter>
    <Filter Include="Header Files">
      <UniqueIdentifier>{93995380-89BD-4b04-88EB-625FBE52EBFB}</UniqueIdentifier>
      <Extensions>h;hpp;hxx;hm;inl;inc;xsd</Extensions>
    </Filter>
    <Filter Include="Resource Files">
      <UniqueIdentifier>{67DA6AB6-F800-4c08-8B7A-83BB121AAD01}</UniqueIdentifier>
      <Extensions>rc;ico;cur;bmp;dlg;rc2;rct;bin;rgs;gif;jpg;jpeg;jpe;resx;tiff;tif;png;wav</Extensions>
    </Filter>
  </ItemGroup>
  <ItemGroup>
    <ClCompile Include="DLLSetup.cpp">
      <Filter>Source Files</Filter>
    </ClCompile>
    <ClCompile Include="stdafx.cpp">
      <Filter>Source Files</Filter>
    </ClCompile>
    <ClCompile Include="VideoMixingFilter.cpp">
      <Filter>Source Files</Filter>
    </ClCompile>
    <ClCompile Include="VideoMixingBase.cpp">
      <Filter>Source Files</Filter>
    </ClCompile>
    <ClCompile Include="MultiIOBaseFilter.cpp">
      <Filter>Source Files</Filter>
    </ClCompile>
    <ClCompile Include="MultiIOInputPin.cpp">
      <Filter>Source Files</Filter>
    </ClCompile>
    <ClCompile Include="MultiIOOutputPin.cpp">
      <Filter>Source Files</Filter>
    </ClCompile>
    <ClCompile Include="CSettingsInterface.cpp">
      <Filter>Source Files</Filter>
    </ClCompile>
    <ClCompile Include="PicConcatRGB24Impl.cpp">
      <Filter>Source Files</Filter>
    </ClCompile>
    <ClCompile Include="PicConcatRGB32Impl.cpp">
      <Filter>Source Files</Filter>
    </ClCompile>
    <ClCompile Include="PicInPicRGB24Impl.cpp">
      <Filter>Source Files</Filter>
    </ClCompile>
    <ClCompile Include="PicInPicRGB32Impl.cpp">
      <Filter>Source Files</Filter>
    </ClCompile>
  </ItemGroup>
  <ItemGroup>
    <ClInclude Include="resource.h">
      <Filter>Header Files</Filter>
    </ClInclude>
    <ClInclude Include="stdafx.h">
      <Filter>Header Files</Filter>
    </ClInclude>
    <ClInclude Include="VideoMixingFilter.h">
      <Filter>Header Files</Filter>
    </ClInclude>
    <ClInclude Include="VideoMixingProperties.h">
      <Filter>Header Files</Filter>
    </ClInclude>
    <ClInclude Include="FilterParameters.h">
      <Filter>Header Files</Filter>
    </ClInclude>
    <ClInclude Include="VideoMixingBase.h">
      <Filter>Header Files</Filter>
    </ClInclude>
    <ClInclude Include="MultiIOBaseFilter.h">
      <Filter>Header Files</Filter>
    </ClInclude>
    <ClInclude Include="MultiIOInputPin.h">
      <Filter>Header Files</Filter>
    </ClInclude>
    <ClInclude Include="MultiIOOutputPin.h">
      <Filter>Header Files</Filter>
    </ClInclude>
    <ClInclude Include="CSettingsInterface.h">
      <Filter>Header Files</Filter>
    </ClInclude>
    <ClInclude Include="SettingsInterface.h">
      <Filter>Header Files</Filter>
    </ClInclude>
    <ClInclude Include="CommonDefs.h">
      <Filter>Header Files</Filter>
    </ClInclude>
    <ClInclude Include="PicConcatRGB24Impl.h">
      <Filter>Header Files</Filter>
    </ClInclude>
    <ClInclude Include="PicConcatRGB32Impl.h">
      <Filter>Header Files</Filter>
    </ClInclude>
    <ClInclude Include="PicConcatBase.h">
      <Filter>Header Files</Filter>
    </ClInclude>
    <ClInclude Include="PicInPicRGB24Impl.h">
      <Filter>Header Files</Filter>
    </ClInclude>
    <ClInclude Include="PicInPicBase.h">
      <Filter>Header Files</Filter>
    </ClInclude>
    <ClInclude Include="PicInPicRGB32Impl.h">
      <Filter>Header Files</Filter>
    </ClInclude>
    <ClInclude Include="StringUtil.h">
      <Filter>Header Files</Filter>
    </ClInclude>
    <ClInclude Include="Conversion.h">
      <Filter>Header Files</Filter>
    </ClInclude>
    <ClInclude Include="FilterPropertiesBase.h">
      <Filter>Header Files</Filter>
    </ClInclude>
    <ClInclude Include="IVideoMixingFilter.h">
      <Filter>Header Files</Filter>
    </ClInclude>
  </ItemGroup>
  <ItemGroup>
    <None Include="VideoMixingFilter.def">
      <Filter>Source Files</Filter>
    </None>
    <None Include="..\sample\ReadMe.txt" />
  </ItemGroup>
  <ItemGroup>
    <ResourceCompile Include="VideoMixingFilter.rc">
      <Filter>Resource Files</Filter>
    </ResourceCompile>
  </ItemGroup>
</Project>